PODS:
  - AFNetworking/NSURLSession (3.1.0):
    - AFNetworking/Reachability
    - AFNetworking/Security
    - AFNetworking/Serialization
  - AFNetworking/Reachability (3.1.0)
  - AFNetworking/Security (3.1.0)
  - AFNetworking/Serialization (3.1.0)
  - Bugly (2.4.6)
  - CocoaLumberjack (3.4.2):
    - CocoaLumberjack/Default (= 3.4.2)
    - CocoaLumberjack/Extensions (= 3.4.2)
  - CocoaLumberjack/Default (3.4.2)
  - CocoaLumberjack/Extensions (3.4.2):
    - CocoaLumberjack/Default
  - KKGestureLockView (1.0.0)
  - KVOController (1.1.0)
  - Masonry (1.0.1)
  - QMUIKit (2.9.3):
    - QMUIKit/QMUIComponents (= 2.9.3)
    - QMUIKit/QMUICore (= 2.9.3)
    - QMUIKit/QMUILog (= 2.9.3)
    - QMUIKit/QMUIMainFrame (= 2.9.3)
    - QMUIKit/QMUIResources (= 2.9.3)
    - QMUIKit/QMUIWeakObjectContainer (= 2.9.3)
  - QMUIKit/QMUIComponents (2.9.3):
    - QMUIKit/QMUIComponents/NavigationBarTransition (= 2.9.3)
    - QMUIKit/QMUIComponents/QMUIAlertController (= 2.9.3)
    - QMUIKit/QMUIComponents/QMUIAssetLibrary (= 2.9.3)
    - QMUIKit/QMUIComponents/QMUIBadge (= 2.9.3)
    - QMUIKit/QMUIComponents/QMUIButton (= 2.9.3)
    - QMUIKit/QMUIComponents/QMUICAAnimationExtension (= 2.9.3)
    - QMUIKit/QMUIComponents/QMUICellHeightCache (= 2.9.3)
    - QMUIKit/QMUIComponents/QMUICellHeightKeyCache (= 2.9.3)
    - QMUIKit/QMUIComponents/QMUICellSizeKeyCache (= 2.9.3)
    - QMUIKit/QMUIComponents/QMUICollectionViewPagingLayout (= 2.9.3)
    - QMUIKit/QMUIComponents/QMUIDialogViewController (= 2.9.3)
    - QMUIKit/QMUIComponents/QMUIEmotionInputManager (= 2.9.3)
    - QMUIKit/QMUIComponents/QMUIEmotionView (= 2.9.3)
    - QMUIKit/QMUIComponents/QMUIEmptyView (= 2.9.3)
    - QMUIKit/QMUIComponents/QMUIFillButton (= 2.9.3)
    - QMUIKit/QMUIComponents/QMUIFloatLayoutView (= 2.9.3)
    - QMUIKit/QMUIComponents/QMUIGhostButton (= 2.9.3)
    - QMUIKit/QMUIComponents/QMUIGridView (= 2.9.3)
    - QMUIKit/QMUIComponents/QMUIImagePickerLibrary (= 2.9.3)
    - QMUIKit/QMUIComponents/QMUIImagePreviewView (= 2.9.3)
    - QMUIKit/QMUIComponents/QMUIKeyboardManager (= 2.9.3)
    - QMUIKit/QMUIComponents/QMUILabel (= 2.9.3)
    - QMUIKit/QMUIComponents/QMUILinkButton (= 2.9.3)
    - QMUIKit/QMUIComponents/QMUILogManagerViewController (= 2.9.3)
    - QMUIKit/QMUIComponents/QMUILogWithConfigurationSupported (= 2.9.3)
    - QMUIKit/QMUIComponents/QMUIMarqueeLabel (= 2.9.3)
    - QMUIKit/QMUIComponents/QMUIModalPresentationViewController (= 2.9.3)
    - QMUIKit/QMUIComponents/QMUIMoreOperationController (= 2.9.3)
    - QMUIKit/QMUIComponents/QMUIMultipleDelegates (= 2.9.3)
    - QMUIKit/QMUIComponents/QMUINavigationButton (= 2.9.3)
    - QMUIKit/QMUIComponents/QMUINavigationTitleView (= 2.9.3)
    - QMUIKit/QMUIComponents/QMUIOrderedDictionary (= 2.9.3)
    - QMUIKit/QMUIComponents/QMUIPieProgressView (= 2.9.3)
    - QMUIKit/QMUIComponents/QMUIPopupContainerView (= 2.9.3)
    - QMUIKit/QMUIComponents/QMUIPopupMenuView (= 2.9.3)
    - QMUIKit/QMUIComponents/QMUIScrollAnimator (= 2.9.3)
    - QMUIKit/QMUIComponents/QMUISearchBar (= 2.9.3)
    - QMUIKit/QMUIComponents/QMUISearchController (= 2.9.3)
    - QMUIKit/QMUIComponents/QMUISegmentedControl (= 2.9.3)
    - QMUIKit/QMUIComponents/QMUISlider (= 2.9.3)
    - QMUIKit/QMUIComponents/QMUIStaticTableView (= 2.9.3)
    - QMUIKit/QMUIComponents/QMUITableView (= 2.9.3)
    - QMUIKit/QMUIComponents/QMUITableViewCell (= 2.9.3)
    - QMUIKit/QMUIComponents/QMUITableViewHeaderFooterView (= 2.9.3)
    - QMUIKit/QMUIComponents/QMUITableViewProtocols (= 2.9.3)
    - QMUIKit/QMUIComponents/QMUITestView (= 2.9.3)
    - QMUIKit/QMUIComponents/QMUITextField (= 2.9.3)
    - QMUIKit/QMUIComponents/QMUITextView (= 2.9.3)
    - QMUIKit/QMUIComponents/QMUITips (= 2.9.3)
    - QMUIKit/QMUIComponents/QMUIToastView (= 2.9.3)
    - QMUIKit/QMUIComponents/QMUIToolbarButton (= 2.9.3)
    - QMUIKit/QMUIComponents/QMUIVisualEffectView (= 2.9.3)
    - QMUIKit/QMUIComponents/QMUIZoomImageView (= 2.9.3)
    - QMUIKit/QMUICore
  - QMUIKit/QMUIComponents/NavigationBarTransition (2.9.3):
    - QMUIKit/QMUIComponents/QMUINavigationTitleView
    - QMUIKit/QMUICore
    - QMUIKit/QMUIMainFrame
  - QMUIKit/QMUIComponents/QMUIAlertController (2.9.3):
    - QMUIKit/QMUIComponents/QMUIButton
    - QMUIKit/QMUIComponents/QMUIModalPresentationViewController
    - QMUIKit/QMUIComponents/QMUITextField
    - QMUIKit/QMUICore
  - QMUIKit/QMUIComponents/QMUIAssetLibrary (2.9.3):
    - QMUIKit/QMUICore
  - QMUIKit/QMUIComponents/QMUIBadge (2.9.3):
    - QMUIKit/QMUIComponents/QMUILabel
    - QMUIKit/QMUICore
  - QMUIKit/QMUIComponents/QMUIButton (2.9.3):
    - QMUIKit/QMUICore
  - QMUIKit/QMUIComponents/QMUICAAnimationExtension (2.9.3):
    - QMUIKit/QMUIComponents/QMUIMultipleDelegates
    - QMUIKit/QMUICore
  - QMUIKit/QMUIComponents/QMUICellHeightCache (2.9.3):
    - QMUIKit/QMUIComponents/QMUITableViewProtocols
    - QMUIKit/QMUICore
  - QMUIKit/QMUIComponents/QMUICellHeightKeyCache (2.9.3):
    - QMUIKit/QMUIComponents/QMUIMultipleDelegates
    - QMUIKit/QMUIComponents/QMUITableViewProtocols
    - QMUIKit/QMUICore
  - QMUIKit/QMUIComponents/QMUICellSizeKeyCache (2.9.3):
    - QMUIKit/QMUIComponents/QMUIMultipleDelegates
    - QMUIKit/QMUICore
  - QMUIKit/QMUIComponents/QMUICollectionViewPagingLayout (2.9.3):
    - QMUIKit/QMUICore
  - QMUIKit/QMUIComponents/QMUIDialogViewController (2.9.3):
    - QMUIKit/QMUIComponents/QMUIButton
    - QMUIKit/QMUIComponents/QMUILabel
    - QMUIKit/QMUIComponents/QMUIModalPresentationViewController
    - QMUIKit/QMUIComponents/QMUINavigationTitleView
    - QMUIKit/QMUIComponents/QMUITableView
    - QMUIKit/QMUIComponents/QMUITableViewCell
    - QMUIKit/QMUIComponents/QMUITextField
    - QMUIKit/QMUICore
    - QMUIKit/QMUIMainFrame
  - QMUIKit/QMUIComponents/QMUIEmotionInputManager (2.9.3):
    - QMUIKit/QMUIComponents/QMUIEmotionView
    - QMUIKit/QMUICore
  - QMUIKit/QMUIComponents/QMUIEmotionView (2.9.3):
    - QMUIKit/QMUIComponents/QMUIButton
    - QMUIKit/QMUICore
    - QMUIKit/QMUIResources
  - QMUIKit/QMUIComponents/QMUIEmptyView (2.9.3):
    - QMUIKit/QMUIComponents/QMUIButton
    - QMUIKit/QMUICore
  - QMUIKit/QMUIComponents/QMUIFillButton (2.9.3):
    - QMUIKit/QMUIComponents/QMUIButton
    - QMUIKit/QMUICore
  - QMUIKit/QMUIComponents/QMUIFloatLayoutView (2.9.3):
    - QMUIKit/QMUICore
  - QMUIKit/QMUIComponents/QMUIGhostButton (2.9.3):
    - QMUIKit/QMUIComponents/QMUIButton
    - QMUIKit/QMUICore
  - QMUIKit/QMUIComponents/QMUIGridView (2.9.3):
    - QMUIKit/QMUICore
  - QMUIKit/QMUIComponents/QMUIImagePickerLibrary (2.9.3):
    - QMUIKit/QMUIComponents/QMUIAlertController
    - QMUIKit/QMUIComponents/QMUIAssetLibrary
    - QMUIKit/QMUIComponents/QMUIButton
    - QMUIKit/QMUIComponents/QMUIEmptyView
    - QMUIKit/QMUIComponents/QMUIImagePreviewView
    - QMUIKit/QMUIComponents/QMUINavigationButton
    - QMUIKit/QMUIComponents/QMUITableViewCell
    - QMUIKit/QMUIComponents/QMUIZoomImageView
    - QMUIKit/QMUICore
    - QMUIKit/QMUIMainFrame
    - QMUIKit/QMUIResources
  - QMUIKit/QMUIComponents/QMUIImagePreviewView (2.9.3):
    - QMUIKit/QMUIComponents/QMUIButton
    - QMUIKit/QMUIComponents/QMUICollectionViewPagingLayout
    - QMUIKit/QMUIComponents/QMUIEmptyView
    - QMUIKit/QMUIComponents/QMUIPieProgressView
    - QMUIKit/QMUIComponents/QMUIZoomImageView
    - QMUIKit/QMUICore
    - QMUIKit/QMUIMainFrame
  - QMUIKit/QMUIComponents/QMUIKeyboardManager (2.9.3):
    - QMUIKit/QMUICore
  - QMUIKit/QMUIComponents/QMUILabel (2.9.3):
    - QMUIKit/QMUICore
  - QMUIKit/QMUIComponents/QMUILinkButton (2.9.3):
    - QMUIKit/QMUIComponents/QMUIButton
    - QMUIKit/QMUICore
  - QMUIKit/QMUIComponents/QMUILogManagerViewController (2.9.3):
    - QMUIKit/QMUIComponents/QMUIPopupMenuView
    - QMUIKit/QMUIComponents/QMUISearchController
    - QMUIKit/QMUIComponents/QMUIStaticTableView
    - QMUIKit/QMUIComponents/QMUITableView
    - QMUIKit/QMUICore
    - QMUIKit/QMUIMainFrame
  - QMUIKit/QMUIComponents/QMUILogWithConfigurationSupported (2.9.3):
    - QMUIKit/QMUICore
  - QMUIKit/QMUIComponents/QMUIMarqueeLabel (2.9.3):
    - QMUIKit/QMUICore
  - QMUIKit/QMUIComponents/QMUIModalPresentationViewController (2.9.3):
    - QMUIKit/QMUIComponents/QMUIKeyboardManager
    - QMUIKit/QMUICore
  - QMUIKit/QMUIComponents/QMUIMoreOperationController (2.9.3):
    - QMUIKit/QMUIComponents/QMUIButton
    - QMUIKit/QMUIComponents/QMUIModalPresentationViewController
    - QMUIKit/QMUICore
  - QMUIKit/QMUIComponents/QMUIMultipleDelegates (2.9.3):
    - QMUIKit/QMUICore
  - QMUIKit/QMUIComponents/QMUINavigationButton (2.9.3):
    - QMUIKit/QMUICore
    - QMUIKit/QMUIMainFrame
  - QMUIKit/QMUIComponents/QMUINavigationTitleView (2.9.3):
    - QMUIKit/QMUIComponents/QMUIButton
    - QMUIKit/QMUICore
  - QMUIKit/QMUIComponents/QMUIOrderedDictionary (2.9.3):
    - QMUIKit/QMUICore
  - QMUIKit/QMUIComponents/QMUIPieProgressView (2.9.3):
    - QMUIKit/QMUICore
  - QMUIKit/QMUIComponents/QMUIPopupContainerView (2.9.3):
    - QMUIKit/QMUICore
    - QMUIKit/QMUIMainFrame
  - QMUIKit/QMUIComponents/QMUIPopupMenuView (2.9.3):
    - QMUIKit/QMUIComponents/QMUIButton
    - QMUIKit/QMUIComponents/QMUIPopupContainerView
    - QMUIKit/QMUICore
  - QMUIKit/QMUIComponents/QMUIScrollAnimator (2.9.3):
    - QMUIKit/QMUIComponents/QMUIMultipleDelegates
    - QMUIKit/QMUICore
  - QMUIKit/QMUIComponents/QMUISearchBar (2.9.3):
    - QMUIKit/QMUICore
  - QMUIKit/QMUIComponents/QMUISearchController (2.9.3):
    - QMUIKit/QMUIComponents/QMUIEmptyView
    - QMUIKit/QMUIComponents/QMUISearchBar
    - QMUIKit/QMUICore
    - QMUIKit/QMUIMainFrame
  - QMUIKit/QMUIComponents/QMUISegmentedControl (2.9.3):
    - QMUIKit/QMUICore
  - QMUIKit/QMUIComponents/QMUISlider (2.9.3):
    - QMUIKit/QMUICore
  - QMUIKit/QMUIComponents/QMUIStaticTableView (2.9.3):
    - QMUIKit/QMUIComponents/QMUIMultipleDelegates
    - QMUIKit/QMUIComponents/QMUITableViewCell
    - QMUIKit/QMUICore
  - QMUIKit/QMUIComponents/QMUITableView (2.9.3):
    - QMUIKit/QMUIComponents/QMUITableViewProtocols
    - QMUIKit/QMUICore
  - QMUIKit/QMUIComponents/QMUITableViewCell (2.9.3):
    - QMUIKit/QMUIComponents/QMUIButton
    - QMUIKit/QMUICore
  - QMUIKit/QMUIComponents/QMUITableViewHeaderFooterView (2.9.3):
    - QMUIKit/QMUICore
  - QMUIKit/QMUIComponents/QMUITableViewProtocols (2.9.3):
    - QMUIKit/QMUICore
  - QMUIKit/QMUIComponents/QMUITestView (2.9.3):
    - QMUIKit/QMUICore
  - QMUIKit/QMUIComponents/QMUITextField (2.9.3):
    - QMUIKit/QMUIComponents/QMUIMultipleDelegates
    - QMUIKit/QMUICore
  - QMUIKit/QMUIComponents/QMUITextView (2.9.3):
    - QMUIKit/QMUIComponents/QMUILabel
    - QMUIKit/QMUIComponents/QMUIMultipleDelegates
    - QMUIKit/QMUICore
  - QMUIKit/QMUIComponents/QMUITips (2.9.3):
    - QMUIKit/QMUIComponents/QMUIToastView
    - QMUIKit/QMUICore
    - QMUIKit/QMUIResources
  - QMUIKit/QMUIComponents/QMUIToastView (2.9.3):
    - QMUIKit/QMUIComponents/QMUIKeyboardManager
    - QMUIKit/QMUICore
  - QMUIKit/QMUIComponents/QMUIToolbarButton (2.9.3):
    - QMUIKit/QMUICore
  - QMUIKit/QMUIComponents/QMUIVisualEffectView (2.9.3):
    - QMUIKit/QMUICore
  - QMUIKit/QMUIComponents/QMUIZoomImageView (2.9.3):
    - QMUIKit/QMUIComponents/QMUIAssetLibrary
    - QMUIKit/QMUIComponents/QMUIButton
    - QMUIKit/QMUIComponents/QMUIEmptyView
    - QMUIKit/QMUIComponents/QMUIPieProgressView
    - QMUIKit/QMUIComponents/QMUISlider
    - QMUIKit/QMUICore
  - QMUIKit/QMUICore (2.9.3):
    - QMUIKit/QMUILog
    - QMUIKit/QMUIWeakObjectContainer
  - QMUIKit/QMUILog (2.9.3)
  - QMUIKit/QMUIMainFrame (2.9.3):
    - QMUIKit/QMUIComponents/QMUIEmptyView
    - QMUIKit/QMUIComponents/QMUIKeyboardManager
    - QMUIKit/QMUIComponents/QMUIMultipleDelegates
    - QMUIKit/QMUIComponents/QMUINavigationTitleView
    - QMUIKit/QMUIComponents/QMUITableView
    - QMUIKit/QMUIComponents/QMUITableViewHeaderFooterView
    - QMUIKit/QMUICore
    - QMUIKit/QMUILog
  - QMUIKit/QMUIResources (2.9.3)
  - QMUIKit/QMUIWeakObjectContainer (2.9.3)
  - Reachability (3.2)
  - SDWebImage/Core (3.7.5)
  - SSZipArchive (1.6.2)
  - SVProgressHUD (2.0.3)
  - UICKeyChainStore (2.1.0)
  - WJAppContext (1.0):
    - WJAppContext/Core (= 1.0)
    - WJAppContext/Session (= 1.0)
    - WJConfig
  - WJAppContext/Core (1.0):
    - WJCommon/Core
    - WJCommon/Utils
    - WJConfig
  - WJAppContext/Session (1.0):
    - WJAppContext/Core
    - WJCacheAPI
    - WJCommon/Core
    - WJCommon/Utils
    - WJConfig
  - WJCacheAPI (1.0):
    - WJCommon/Core
    - WJConfig
    - WJLoggingAPI
  - WJCacheKeychain (1.0):
    - UICKeyChainStore (= 2.1.0)
    - WJCacheAPI
  - WJCommon (1.0):
    - WJCommon/Core (= 1.0)
    - WJCommon/NetworkService (= 1.0)
    - WJCommon/SwipeBack (= 1.0)
    - WJCommon/UI (= 1.0)
    - WJCommon/Utils (= 1.0)
    - WJJSON
    - WJLoggingAPI
  - WJCommon/Core (1.0):
    - WJJSON
    - WJLoggingAPI
  - WJCommon/NetworkService (1.0):
    - Reachability (= 3.2)
    - WJCommon/Core
    - WJJSON
    - WJLoggingAPI
  - WJCommon/SwipeBack (1.0):
    - WJJSON
    - WJLoggingAPI
  - WJCommon/UI (1.0):
    - Masonry (= 1.0.1)
    - WJCommon/Core
    - WJCommon/SwipeBack
    - WJCommon/Utils
    - WJJSON
    - WJLoggingAPI
    - WJUIRoutable/API
  - WJCommon/Utils (1.0):
    - WJJSON
    - WJLoggingAPI
  - WJConfig (1.0)
  - WJHttpEngineAF (1.0):
    - AFNetworking/NSURLSession (= 3.1.0)
    - WJCommon/Core
    - WJCommon/NetworkService
    - WJCommon/Utils
    - WJHttpEngineAPI
    - WJLoggingAPI
  - WJHttpEngineAPI (1.0):
    - WJCommon/Core
    - WJCommon/Utils
    - WJConfig
    - WJLoggingAPI
  - WJJSON (1.0.1)
  - WJLoggingAPI (1.0)
  - WJUIRoutable (2.0):
    - WJUIRoutable/API (= 2.0)
    - WJUIRoutable/Core (= 2.0)
  - WJUIRoutable/API (2.0):
    - WJConfig
  - WJUIRoutable/Core (2.0):
    - WJCommon/Core
    - WJCommon/Utils
    - WJLoggingAPI
    - WJUIRoutable/API
  - WJWebViewJavascriptBridge (1.0):
    - WJConfig
    - WJLoggingAPI
  - YYCache (1.0.3)
  - YYText (1.0.7)
  - ZYCornerRadius (1.0.2)
  - ZYJSON (1.0.1)

DEPENDENCIES:
  - Bugly (= 2.4.6)
  - CocoaLumberjack
  - KKGestureLockView (= 1.0.0)
  - KVOController (= 1.1.0)
  - QMUIKit
  - SDWebImage/Core (= 3.7.5)
  - SSZipArchive (= 1.6.2)
  - SVProgressHUD (= 2.0.3)
  - UICKeyChainStore (= 2.1.0)
  - WJAppContext (= 1.0)
  - WJCacheKeychain (= 1.0)
  - WJCommon (= 1.0)
  - WJHttpEngineAF (= 1.0)
  - WJHttpEngineAPI (= 1.0)
  - WJLoggingAPI (= 1.0)
  - WJUIRoutable (= 2.0)
  - WJWebViewJavascriptBridge (= 1.0)
  - YYCache (= 1.0.3)
  - YYText (= 1.0.7)
  - ZYCornerRadius (= 1.0.2)
  - ZYJSON

SPEC REPOS:
  https://github.com/cocoapods/specs.git:
    - AFNetworking
    - Bugly
    - CocoaLumberjack
    - KKGestureLockView
    - KVOController
    - Masonry
    - QMUIKit
    - Reachability
    - SDWebImage
    - SSZipArchive
    - SVProgressHUD
    - UICKeyChainStore
    - YYCache
    - YYText
    - ZYCornerRadius
  https://github.com/Eyshen/ios-zy-framework-cocoapods-specs.git:
    - ZYJSON
  https://github.com/yunhaiwu/ios-wj-framework-cocoapods-specs.git:
    - WJAppContext
    - WJCacheAPI
    - WJCacheKeychain
    - WJCommon
    - WJConfig
    - WJHttpEngineAF
    - WJHttpEngineAPI
    - WJJSON
    - WJLoggingAPI
    - WJUIRoutable
    - WJWebViewJavascriptBridge

SPEC CHECKSUMS:
  AFNetworking: 5e0e199f73d8626b11e79750991f5d173d1f8b67
  Bugly: 7756e72c59387b0d490f46e83ab458ae94ee7fba
  CocoaLumberjack: db7cc9e464771f12054c22ff6947c5a58d43a0fd
  KKGestureLockView: b27a33d2fe7995cd3c5e548dab1a8db7947322b8
  KVOController: 321b5fc59300fcaabd42c0f679baa7a27efbb2fd
  Masonry: a1a931a0d08870ed8ae415a2ea5ea68ebcac77df
  QMUIKit: 5b8f0a3ab60e42af1310bd40a6fe1b54d612d15c
  Reachability: 33e18b67625424e47b6cde6d202dce689ad7af96
  SDWebImage: 69c6303e3348fba97e03f65d65d4fbc26740f461
  SSZipArchive: 428eb1ac8d37dd133404d30f422b23958c1f9acc
  SVProgressHUD: b0830714205bea1317ea1a2ebc71e5633af334d4
  UICKeyChainStore: f1cbd42216a113f0165de1e733e62905b8823432
  WJAppContext: f450248b915bcbeaa75565ff24f12d21297e8c95
  WJCacheAPI: 58b939d56dc39ee13469927a493fe08ddf84c38c
  WJCacheKeychain: 2ba6fddc35878c22b0b8b86ed9bae83a1f56d9a4
  WJCommon: a8cdeb881e2c6a64022e6e22f3f0952ef5f33862
  WJConfig: 0e7e9046e1a3b722aacac6d5c47c5948c50f6028
  WJHttpEngineAF: b33300e4e4322c0ea9d9163e46c2517d99206037
  WJHttpEngineAPI: 09861f95c29e8d22149d2bccefab8dc3dcd83d8e
  WJJSON: e97aac774540ada0d8e76de7ffc8c724e4741d8e
  WJLoggingAPI: 1560fbed399a108feee39b3425abcc9f297efb57
  WJUIRoutable: 09cf9808177446ca3d8ae66dc8c8e708639c6d78
  WJWebViewJavascriptBridge: 2f3b92f43dda3d4cfbbde08b80e4655ba6fa32da
  YYCache: 282f35b5b0990833d0b7a06d864a87141a021da2
  YYText: 5c461d709e24d55a182d1441c41dc639a18a4849
  ZYCornerRadius: f0af817be7805b5c63d793042ca7a03f81e14069
  ZYJSON: fcde6a7a9ee20075ad37502cf5ccbc7da46d9527

PODFILE CHECKSUM: 2baf0fdc1eddc6ff789f4e84891a833da6007c88

COCOAPODS: 1.5.3
