// !$*UTF8*$!
{
	archiveVersion = 1;
	classes = {
	};
	objectVersion = 50;
	objects = {

/* Begin PBXBuildFile section */
		523139FC20A2C46700824890 /* AppDelegate.m in Sources */ = {isa = PBXBuildFile; fileRef = 523139FB20A2C46700824890 /* AppDelegate.m */; };
		523139FF20A2C46700824890 /* ViewController.m in Sources */ = {isa = PBXBuildFile; fileRef = 523139FE20A2C46700824890 /* ViewController.m */; };
		52313A0220A2C46700824890 /* Main.storyboard in Resources */ = {isa = PBXBuildFile; fileRef = 52313A0020A2C46700824890 /* Main.storyboard */; };
		52313A0420A2C46800824890 /* Assets.xcassets in Resources */ = {isa = PBXBuildFile; fileRef = 52313A0320A2C46800824890 /* Assets.xcassets */; };
		52313A0720A2C46800824890 /* LaunchScreen.storyboard in Resources */ = {isa = PBXBuildFile; fileRef = 52313A0520A2C46800824890 /* LaunchScreen.storyboard */; };
		52313A0A20A2C46800824890 /* main.m in Sources */ = {isa = PBXBuildFile; fileRef = 52313A0920A2C46800824890 /* main.m */; };
		524F3F80210096A0003068E4 /* Assets.xcassets in Resources */ = {isa = PBXBuildFile; fileRef = 524F3F7F210096A0003068E4 /* Assets.xcassets */; };
		524F3F83210096A0003068E4 /* LaunchScreen.storyboard in Resources */ = {isa = PBXBuildFile; fileRef = 524F3F81210096A0003068E4 /* LaunchScreen.storyboard */; };
		524F3F86210096A0003068E4 /* main.m in Sources */ = {isa = PBXBuildFile; fileRef = 524F3F85210096A0003068E4 /* main.m */; };
		52537DAA20A2ED70008A5CEA /* liblottie-ios.a in Frameworks */ = {isa = PBXBuildFile; fileRef = 52537DA920A2ED70008A5CEA /* liblottie-ios.a */; settings = {ATTRIBUTES = (Required, ); }; };
		52537DAC20A303DB008A5CEA /* LDPMLGInstallation.bundle in Resources */ = {isa = PBXBuildFile; fileRef = 52537DAB20A303DB008A5CEA /* LDPMLGInstallation.bundle */; };
		52E3912520A2EAAD008B548D /* launchScreen.json in Resources */ = {isa = PBXBuildFile; fileRef = 52E3912420A2EAAC008B548D /* launchScreen.json */; };
		E0AD9A09B286711925F1A14A /* libPods-Hulk.a in Frameworks */ = {isa = PBXBuildFile; fileRef = BBD7C38DD0BED2371CC35831 /* libPods-Hulk.a */; };
/* End PBXBuildFile section */

/* Begin PBXFileReference section */
		523139F720A2C46700824890 /* Hulk.app */ = {isa = PBXFileReference; explicitFileType = wrapper.application; includeInIndex = 0; path = Hulk.app; sourceTree = BUILT_PRODUCTS_DIR; };
		523139FA20A2C46700824890 /* AppDelegate.h */ = {isa = PBXFileReference; lastKnownFileType = sourcecode.c.h; path = AppDelegate.h; sourceTree = "<group>"; };
		523139FB20A2C46700824890 /* AppDelegate.m */ = {isa = PBXFileReference; lastKnownFileType = sourcecode.c.objc; path = AppDelegate.m; sourceTree = "<group>"; };
		523139FD20A2C46700824890 /* ViewController.h */ = {isa = PBXFileReference; lastKnownFileType = sourcecode.c.h; path = ViewController.h; sourceTree = "<group>"; };
		523139FE20A2C46700824890 /* ViewController.m */ = {isa = PBXFileReference; lastKnownFileType = sourcecode.c.objc; path = ViewController.m; sourceTree = "<group>"; };
		52313A0120A2C46700824890 /* Base */ = {isa = PBXFileReference; lastKnownFileType = file.storyboard; name = Base; path = Base.lproj/Main.storyboard; sourceTree = "<group>"; };
		52313A0320A2C46800824890 /* Assets.xcassets */ = {isa = PBXFileReference; lastKnownFileType = folder.assetcatalog; path = Assets.xcassets; sourceTree = "<group>"; };
		52313A0620A2C46800824890 /* Base */ = {isa = PBXFileReference; lastKnownFileType = file.storyboard; name = Base; path = Base.lproj/LaunchScreen.storyboard; sourceTree = "<group>"; };
		52313A0820A2C46800824890 /* Info.plist */ = {isa = PBXFileReference; lastKnownFileType = text.plist.xml; path = Info.plist; sourceTree = "<group>"; };
		52313A0920A2C46800824890 /* main.m */ = {isa = PBXFileReference; lastKnownFileType = sourcecode.c.objc; path = main.m; sourceTree = "<group>"; };
		524F3F742100969E003068E4 /* Hulk-test.app */ = {isa = PBXFileReference; explicitFileType = wrapper.application; includeInIndex = 0; path = "Hulk-test.app"; sourceTree = BUILT_PRODUCTS_DIR; };
		524F3F7F210096A0003068E4 /* Assets.xcassets */ = {isa = PBXFileReference; lastKnownFileType = folder.assetcatalog; path = Assets.xcassets; sourceTree = "<group>"; };
		524F3F82210096A0003068E4 /* Base */ = {isa = PBXFileReference; lastKnownFileType = file.storyboard; name = Base; path = Base.lproj/LaunchScreen.storyboard; sourceTree = "<group>"; };
		524F3F84210096A0003068E4 /* Info.plist */ = {isa = PBXFileReference; lastKnownFileType = text.plist.xml; path = Info.plist; sourceTree = "<group>"; };
		524F3F85210096A0003068E4 /* main.m */ = {isa = PBXFileReference; lastKnownFileType = sourcecode.c.objc; path = main.m; sourceTree = "<group>"; };
		52537DA920A2ED70008A5CEA /* liblottie-ios.a */ = {isa = PBXFileReference; explicitFileType = archive.ar; path = "liblottie-ios.a"; sourceTree = BUILT_PRODUCTS_DIR; };
		52537DAB20A303DB008A5CEA /* LDPMLGInstallation.bundle */ = {isa = PBXFileReference; lastKnownFileType = "wrapper.plug-in"; path = LDPMLGInstallation.bundle; sourceTree = "<group>"; };
		52E3912420A2EAAC008B548D /* launchScreen.json */ = {isa = PBXFileReference; fileEncoding = 4; lastKnownFileType = text.json; path = launchScreen.json; sourceTree = "<group>"; };
		69E096742577ACC699DA1457 /* Pods-Hulk.debug.xcconfig */ = {isa = PBXFileReference; includeInIndex = 1; lastKnownFileType = text.xcconfig; name = "Pods-Hulk.debug.xcconfig"; path = "Pods/Target Support Files/Pods-Hulk/Pods-Hulk.debug.xcconfig"; sourceTree = "<group>"; };
		BBD7C38DD0BED2371CC35831 /* libPods-Hulk.a */ = {isa = PBXFileReference; explicitFileType = archive.ar; includeInIndex = 0; path = "libPods-Hulk.a"; sourceTree = BUILT_PRODUCTS_DIR; };
		C0DB16955CD2687F84215F24 /* Pods-Hulk.release.xcconfig */ = {isa = PBXFileReference; includeInIndex = 1; lastKnownFileType = text.xcconfig; name = "Pods-Hulk.release.xcconfig"; path = "Pods/Target Support Files/Pods-Hulk/Pods-Hulk.release.xcconfig"; sourceTree = "<group>"; };
/* End PBXFileReference section */

/* Begin PBXFrameworksBuildPhase section */
		523139F420A2C46700824890 /* Frameworks */ = {
			isa = PBXFrameworksBuildPhase;
			buildActionMask = 2147483647;
			files = (
				52537DAA20A2ED70008A5CEA /* liblottie-ios.a in Frameworks */,
				E0AD9A09B286711925F1A14A /* libPods-Hulk.a in Frameworks */,
			);
			runOnlyForDeploymentPostprocessing = 0;
		};
		524F3F712100969E003068E4 /* Frameworks */ = {
			isa = PBXFrameworksBuildPhase;
			buildActionMask = 2147483647;
			files = (
			);
			runOnlyForDeploymentPostprocessing = 0;
		};
/* End PBXFrameworksBuildPhase section */

/* Begin PBXGroup section */
		523139EE20A2C46700824890 = {
			isa = PBXGroup;
			children = (
				523139F920A2C46700824890 /* Hulk */,
				524F3F752100969E003068E4 /* Hulk-test */,
				523139F820A2C46700824890 /* Products */,
				769714CCE99B1733667DE079 /* Pods */,
				56806F8965CD0845B12C27F6 /* Frameworks */,
			);
			sourceTree = "<group>";
		};
		523139F820A2C46700824890 /* Products */ = {
			isa = PBXGroup;
			children = (
				523139F720A2C46700824890 /* Hulk.app */,
				524F3F742100969E003068E4 /* Hulk-test.app */,
			);
			name = Products;
			sourceTree = "<group>";
		};
		523139F920A2C46700824890 /* Hulk */ = {
			isa = PBXGroup;
			children = (
				523139FA20A2C46700824890 /* AppDelegate.h */,
				523139FB20A2C46700824890 /* AppDelegate.m */,
				523139FD20A2C46700824890 /* ViewController.h */,
				523139FE20A2C46700824890 /* ViewController.m */,
				52537DAB20A303DB008A5CEA /* LDPMLGInstallation.bundle */,
				52E3912420A2EAAC008B548D /* launchScreen.json */,
				52313A0020A2C46700824890 /* Main.storyboard */,
				52313A0320A2C46800824890 /* Assets.xcassets */,
				52313A0520A2C46800824890 /* LaunchScreen.storyboard */,
				52313A0820A2C46800824890 /* Info.plist */,
				52313A0920A2C46800824890 /* main.m */,
			);
			path = Hulk;
			sourceTree = "<group>";
		};
		524F3F752100969E003068E4 /* Hulk-test */ = {
			isa = PBXGroup;
			children = (
				524F3F7F210096A0003068E4 /* Assets.xcassets */,
				524F3F81210096A0003068E4 /* LaunchScreen.storyboard */,
				524F3F84210096A0003068E4 /* Info.plist */,
				524F3F8A210096D5003068E4 /* Supporting Files */,
			);
			path = "Hulk-test";
			sourceTree = "<group>";
		};
		524F3F8A210096D5003068E4 /* Supporting Files */ = {
			isa = PBXGroup;
			children = (
				524F3F85210096A0003068E4 /* main.m */,
			);
			path = "Supporting Files";
			sourceTree = "<group>";
		};
		56806F8965CD0845B12C27F6 /* Frameworks */ = {
			isa = PBXGroup;
			children = (
				52537DA920A2ED70008A5CEA /* liblottie-ios.a */,
				BBD7C38DD0BED2371CC35831 /* libPods-Hulk.a */,
			);
			name = Frameworks;
			sourceTree = "<group>";
		};
		769714CCE99B1733667DE079 /* Pods */ = {
			isa = PBXGroup;
			children = (
				69E096742577ACC699DA1457 /* Pods-Hulk.debug.xcconfig */,
				C0DB16955CD2687F84215F24 /* Pods-Hulk.release.xcconfig */,
			);
			name = Pods;
			sourceTree = "<group>";
		};
/* End PBXGroup section */

/* Begin PBXNativeTarget section */
		523139F620A2C46700824890 /* Hulk */ = {
			isa = PBXNativeTarget;
			buildConfigurationList = 52313A2320A2C46800824890 /* Build configuration list for PBXNativeTarget "Hulk" */;
			buildPhases = (
				88B5BAC9EFFE3775A82FBBE6 /* [CP] Check Pods Manifest.lock */,
				523139F320A2C46700824890 /* Sources */,
				523139F420A2C46700824890 /* Frameworks */,
				523139F520A2C46700824890 /* Resources */,
			);
			buildRules = (
			);
			dependencies = (
			);
			name = Hulk;
			productName = Hulk;
			productReference = 523139F720A2C46700824890 /* Hulk.app */;
			productType = "com.apple.product-type.application";
		};
		524F3F732100969E003068E4 /* Hulk-test */ = {
			isa = PBXNativeTarget;
			buildConfigurationList = 524F3F87210096A0003068E4 /* Build configuration list for PBXNativeTarget "Hulk-test" */;
			buildPhases = (
				524F3F702100969E003068E4 /* Sources */,
				524F3F712100969E003068E4 /* Frameworks */,
				524F3F722100969E003068E4 /* Resources */,
			);
			buildRules = (
			);
			dependencies = (
			);
			name = "Hulk-test";
			productName = "Hulk-test";
			productReference = 524F3F742100969E003068E4 /* Hulk-test.app */;
			productType = "com.apple.product-type.application";
		};
/* End PBXNativeTarget section */

/* Begin PBXProject section */
		523139EF20A2C46700824890 /* Project object */ = {
			isa = PBXProject;
			attributes = {
				LastUpgradeCheck = 0930;
				ORGANIZATIONNAME = Happiness;
				TargetAttributes = {
					523139F620A2C46700824890 = {
						CreatedOnToolsVersion = 9.3;
					};
					524F3F732100969E003068E4 = {
						CreatedOnToolsVersion = 9.4.1;
					};
				};
			};
			buildConfigurationList = 523139F220A2C46700824890 /* Build configuration list for PBXProject "Hulk" */;
			compatibilityVersion = "Xcode 9.3";
			developmentRegion = en;
			hasScannedForEncodings = 0;
			knownRegions = (
				en,
				Base,
			);
			mainGroup = 523139EE20A2C46700824890;
			productRefGroup = 523139F820A2C46700824890 /* Products */;
			projectDirPath = "";
			projectRoot = "";
			targets = (
				523139F620A2C46700824890 /* Hulk */,
				524F3F732100969E003068E4 /* Hulk-test */,
			);
		};
/* End PBXProject section */

/* Begin PBXResourcesBuildPhase section */
		523139F520A2C46700824890 /* Resources */ = {
			isa = PBXResourcesBuildPhase;
			buildActionMask = 2147483647;
			files = (
				52E3912520A2EAAD008B548D /* launchScreen.json in Resources */,
				52313A0720A2C46800824890 /* LaunchScreen.storyboard in Resources */,
				52313A0420A2C46800824890 /* Assets.xcassets in Resources */,
				52313A0220A2C46700824890 /* Main.storyboard in Resources */,
				52537DAC20A303DB008A5CEA /* LDPMLGInstallation.bundle in Resources */,
			);
			runOnlyForDeploymentPostprocessing = 0;
		};
		524F3F722100969E003068E4 /* Resources */ = {
			isa = PBXResourcesBuildPhase;
			buildActionMask = 2147483647;
			files = (
				524F3F83210096A0003068E4 /* LaunchScreen.storyboard in Resources */,
				524F3F80210096A0003068E4 /* Assets.xcassets in Resources */,
			);
			runOnlyForDeploymentPostprocessing = 0;
		};
/* End PBXResourcesBuildPhase section */

/* Begin PBXShellScriptBuildPhase section */
		88B5BAC9EFFE3775A82FBBE6 /* [CP] Check Pods Manifest.lock */ = {
			isa = PBXShellScriptBuildPhase;
			buildActionMask = 2147483647;
			files = (
			);
			inputPaths = (
				"${PODS_PODFILE_DIR_PATH}/Podfile.lock",
				"${PODS_ROOT}/Manifest.lock",
			);
			name = "[CP] Check Pods Manifest.lock";
			outputPaths = (
				"$(DERIVED_FILE_DIR)/Pods-Hulk-checkManifestLockResult.txt",
			);
			runOnlyForDeploymentPostprocessing = 0;
			shellPath = /bin/sh;
			shellScript = "diff \"${PODS_PODFILE_DIR_PATH}/Podfile.lock\" \"${PODS_ROOT}/Manifest.lock\" > /dev/null\nif [ $? != 0 ] ; then\n    # print error to STDERR\n    echo \"error: The sandbox is not in sync with the Podfile.lock. Run 'pod install' or update your CocoaPods installation.\" >&2\n    exit 1\nfi\n# This output is used by Xcode 'outputs' to avoid re-running this script phase.\necho \"SUCCESS\" > \"${SCRIPT_OUTPUT_FILE_0}\"\n";
			showEnvVarsInLog = 0;
		};
/* End PBXShellScriptBuildPhase section */

/* Begin PBXSourcesBuildPhase section */
		523139F320A2C46700824890 /* Sources */ = {
			isa = PBXSourcesBuildPhase;
			buildActionMask = 2147483647;
			files = (
				523139FF20A2C46700824890 /* ViewController.m in Sources */,
				52313A0A20A2C46800824890 /* main.m in Sources */,
				523139FC20A2C46700824890 /* AppDelegate.m in Sources */,
			);
			runOnlyForDeploymentPostprocessing = 0;
		};
		524F3F702100969E003068E4 /* Sources */ = {
			isa = PBXSourcesBuildPhase;
			buildActionMask = 2147483647;
			files = (
				524F3F86210096A0003068E4 /* main.m in Sources */,
			);
			runOnlyForDeploymentPostprocessing = 0;
		};
/* End PBXSourcesBuildPhase section */

/* Begin PBXVariantGroup section */
		52313A0020A2C46700824890 /* Main.storyboard */ = {
			isa = PBXVariantGroup;
			children = (
				52313A0120A2C46700824890 /* Base */,
			);
			name = Main.storyboard;
			sourceTree = "<group>";
		};
		52313A0520A2C46800824890 /* LaunchScreen.storyboard */ = {
			isa = PBXVariantGroup;
			children = (
				52313A0620A2C46800824890 /* Base */,
			);
			name = LaunchScreen.storyboard;
			sourceTree = "<group>";
		};
		524F3F81210096A0003068E4 /* LaunchScreen.storyboard */ = {
			isa = PBXVariantGroup;
			children = (
				524F3F82210096A0003068E4 /* Base */,
			);
			name = LaunchScreen.storyboard;
			sourceTree = "<group>";
		};
/* End PBXVariantGroup section */

/* Begin XCBuildConfiguration section */
		52313A2120A2C46800824890 /* Debug */ = {
			isa = XCBuildConfiguration;
			buildSettings = {
				ALWAYS_SEARCH_USER_PATHS = NO;
				CLANG_ANALYZER_NONNULL = YES;
				CLANG_ANALYZER_NUMBER_OBJECT_CONVERSION = YES_AGGRESSIVE;
				CLANG_CXX_LANGUAGE_STANDARD = "gnu++14";
				CLANG_CXX_LIBRARY = "libc++";
				CLANG_ENABLE_MODULES = YES;
				CLANG_ENABLE_OBJC_ARC = YES;
				CLANG_ENABLE_OBJC_WEAK = YES;
				CLANG_WARN_BLOCK_CAPTURE_AUTORELEASING = YES;
				CLANG_WARN_BOOL_CONVERSION = YES;
				CLANG_WARN_COMMA = YES;
				CLANG_WARN_CONSTANT_CONVERSION = YES;
				CLANG_WARN_DEPRECATED_OBJC_IMPLEMENTATIONS = YES;
				CLANG_WARN_DIRECT_OBJC_ISA_USAGE = YES_ERROR;
				CLANG_WARN_DOCUMENTATION_COMMENTS = YES;
				CLANG_WARN_EMPTY_BODY = YES;
				CLANG_WARN_ENUM_CONVERSION = YES;
				CLANG_WARN_INFINITE_RECURSION = YES;
				CLANG_WARN_INT_CONVERSION = YES;
				CLANG_WARN_NON_LITERAL_NULL_CONVERSION = YES;
				CLANG_WARN_OBJC_IMPLICIT_RETAIN_SELF = YES;
				CLANG_WARN_OBJC_LITERAL_CONVERSION = YES;
				CLANG_WARN_OBJC_ROOT_CLASS = YES_ERROR;
				CLANG_WARN_RANGE_LOOP_ANALYSIS = YES;
				CLANG_WARN_STRICT_PROTOTYPES = YES;
				CLANG_WARN_SUSPICIOUS_MOVE = YES;
				CLANG_WARN_UNGUARDED_AVAILABILITY = YES_AGGRESSIVE;
				CLANG_WARN_UNREACHABLE_CODE = YES;
				CLANG_WARN__DUPLICATE_METHOD_MATCH = YES;
				CODE_SIGN_IDENTITY = "iPhone Developer";
				COPY_PHASE_STRIP = NO;
				DEBUG_INFORMATION_FORMAT = dwarf;
				ENABLE_STRICT_OBJC_MSGSEND = YES;
				ENABLE_TESTABILITY = YES;
				GCC_C_LANGUAGE_STANDARD = gnu11;
				GCC_DYNAMIC_NO_PIC = NO;
				GCC_NO_COMMON_BLOCKS = YES;
				GCC_OPTIMIZATION_LEVEL = 0;
				GCC_PREPROCESSOR_DEFINITIONS = (
					"DEBUG=1",
					"$(inherited)",
				);
				GCC_WARN_64_TO_32_BIT_CONVERSION = YES;
				GCC_WARN_ABOUT_RETURN_TYPE = YES_ERROR;
				GCC_WARN_UNDECLARED_SELECTOR = YES;
				GCC_WARN_UNINITIALIZED_AUTOS = YES_AGGRESSIVE;
				GCC_WARN_UNUSED_FUNCTION = YES;
				GCC_WARN_UNUSED_VARIABLE = YES;
				IPHONEOS_DEPLOYMENT_TARGET = 11.3;
				MTL_ENABLE_DEBUG_INFO = YES;
				ONLY_ACTIVE_ARCH = YES;
				SDKROOT = iphoneos;
			};
			name = Debug;
		};
		52313A2220A2C46800824890 /* Release */ = {
			isa = XCBuildConfiguration;
			buildSettings = {
				ALWAYS_SEARCH_USER_PATHS = NO;
				CLANG_ANALYZER_NONNULL = YES;
				CLANG_ANALYZER_NUMBER_OBJECT_CONVERSION = YES_AGGRESSIVE;
				CLANG_CXX_LANGUAGE_STANDARD = "gnu++14";
				CLANG_CXX_LIBRARY = "libc++";
				CLANG_ENABLE_MODULES = YES;
				CLANG_ENABLE_OBJC_ARC = YES;
				CLANG_ENABLE_OBJC_WEAK = YES;
				CLANG_WARN_BLOCK_CAPTURE_AUTORELEASING = YES;
				CLANG_WARN_BOOL_CONVERSION = YES;
				CLANG_WARN_COMMA = YES;
				CLANG_WARN_CONSTANT_CONVERSION = YES;
				CLANG_WARN_DEPRECATED_OBJC_IMPLEMENTATIONS = YES;
				CLANG_WARN_DIRECT_OBJC_ISA_USAGE = YES_ERROR;
				CLANG_WARN_DOCUMENTATION_COMMENTS = YES;
				CLANG_WARN_EMPTY_BODY = YES;
				CLANG_WARN_ENUM_CONVERSION = YES;
				CLANG_WARN_INFINITE_RECURSION = YES;
				CLANG_WARN_INT_CONVERSION = YES;
				CLANG_WARN_NON_LITERAL_NULL_CONVERSION = YES;
				CLANG_WARN_OBJC_IMPLICIT_RETAIN_SELF = YES;
				CLANG_WARN_OBJC_LITERAL_CONVERSION = YES;
				CLANG_WARN_OBJC_ROOT_CLASS = YES_ERROR;
				CLANG_WARN_RANGE_LOOP_ANALYSIS = YES;
				CLANG_WARN_STRICT_PROTOTYPES = YES;
				CLANG_WARN_SUSPICIOUS_MOVE = YES;
				CLANG_WARN_UNGUARDED_AVAILABILITY = YES_AGGRESSIVE;
				CLANG_WARN_UNREACHABLE_CODE = YES;
				CLANG_WARN__DUPLICATE_METHOD_MATCH = YES;
				CODE_SIGN_IDENTITY = "iPhone Developer";
				COPY_PHASE_STRIP = NO;
				DEBUG_INFORMATION_FORMAT = "dwarf-with-dsym";
				ENABLE_NS_ASSERTIONS = NO;
				ENABLE_STRICT_OBJC_MSGSEND = YES;
				GCC_C_LANGUAGE_STANDARD = gnu11;
				GCC_NO_COMMON_BLOCKS = YES;
				GCC_WARN_64_TO_32_BIT_CONVERSION = YES;
				GCC_WARN_ABOUT_RETURN_TYPE = YES_ERROR;
				GCC_WARN_UNDECLARED_SELECTOR = YES;
				GCC_WARN_UNINITIALIZED_AUTOS = YES_AGGRESSIVE;
				GCC_WARN_UNUSED_FUNCTION = YES;
				GCC_WARN_UNUSED_VARIABLE = YES;
				IPHONEOS_DEPLOYMENT_TARGET = 11.3;
				MTL_ENABLE_DEBUG_INFO = NO;
				SDKROOT = iphoneos;
				VALIDATE_PRODUCT = YES;
			};
			name = Release;
		};
		52313A2420A2C46800824890 /* Debug */ = {
			isa = XCBuildConfiguration;
			baseConfigurationReference = 69E096742577ACC699DA1457 /* Pods-Hulk.debug.xcconfig */;
			buildSettings = {
				ASSETCATALOG_COMPILER_APPICON_NAME = AppIcon;
				CODE_SIGN_STYLE = Automatic;
				DEVELOPMENT_TEAM = 9PFJAGDKXS;
				INFOPLIST_FILE = Hulk/Info.plist;
				LD_RUNPATH_SEARCH_PATHS = (
					"$(inherited)",
					"@executable_path/Frameworks",
				);
				PRODUCT_BUNDLE_IDENTIFIER = com.Eyshen.Hulk;
				PRODUCT_NAME = "$(TARGET_NAME)";
				TARGETED_DEVICE_FAMILY = "1,2";
			};
			name = Debug;
		};
		52313A2520A2C46800824890 /* Release */ = {
			isa = XCBuildConfiguration;
			baseConfigurationReference = C0DB16955CD2687F84215F24 /* Pods-Hulk.release.xcconfig */;
			buildSettings = {
				ASSETCATALOG_COMPILER_APPICON_NAME = AppIcon;
				CODE_SIGN_STYLE = Automatic;
				DEVELOPMENT_TEAM = 9PFJAGDKXS;
				INFOPLIST_FILE = Hulk/Info.plist;
				LD_RUNPATH_SEARCH_PATHS = (
					"$(inherited)",
					"@executable_path/Frameworks",
				);
				PRODUCT_BUNDLE_IDENTIFIER = com.Eyshen.Hulk;
				PRODUCT_NAME = "$(TARGET_NAME)";
				TARGETED_DEVICE_FAMILY = "1,2";
			};
			name = Release;
		};
		524F3F88210096A0003068E4 /* Debug */ = {
			isa = XCBuildConfiguration;
			buildSettings = {
				ASSETCATALOG_COMPILER_APPICON_NAME = AppIcon;
				CODE_SIGN_STYLE = Automatic;
				DEVELOPMENT_TEAM = 88C5DMXGWP;
				INFOPLIST_FILE = "Hulk-test/Info.plist";
				IPHONEOS_DEPLOYMENT_TARGET = 11.4;
				LD_RUNPATH_SEARCH_PATHS = (
					"$(inherited)",
					"@executable_path/Frameworks",
				);
				PRODUCT_BUNDLE_IDENTIFIER = "com.eyshen.hulk.test.Hulk-test";
				PRODUCT_NAME = "$(TARGET_NAME)";
				TARGETED_DEVICE_FAMILY = "1,2";
			};
			name = Debug;
		};
		524F3F89210096A0003068E4 /* Release */ = {
			isa = XCBuildConfiguration;
			buildSettings = {
				ASSETCATALOG_COMPILER_APPICON_NAME = AppIcon;
				CODE_SIGN_STYLE = Automatic;
				DEVELOPMENT_TEAM = 88C5DMXGWP;
				INFOPLIST_FILE = "Hulk-test/Info.plist";
				IPHONEOS_DEPLOYMENT_TARGET = 11.4;
				LD_RUNPATH_SEARCH_PATHS = (
					"$(inherited)",
					"@executable_path/Frameworks",
				);
				PRODUCT_BUNDLE_IDENTIFIER = "com.eyshen.hulk.test.Hulk-test";
				PRODUCT_NAME = "$(TARGET_NAME)";
				TARGETED_DEVICE_FAMILY = "1,2";
			};
			name = Release;
		};
/* End XCBuildConfiguration section */

/* Begin XCConfigurationList section */
		523139F220A2C46700824890 /* Build configuration list for PBXProject "Hulk" */ = {
			isa = XCConfigurationList;
			buildConfigurations = (
				52313A2120A2C46800824890 /* Debug */,
				52313A2220A2C46800824890 /* Release */,
			);
			defaultConfigurationIsVisible = 0;
			defaultConfigurationName = Release;
		};
		52313A2320A2C46800824890 /* Build configuration list for PBXNativeTarget "Hulk" */ = {
			isa = XCConfigurationList;
			buildConfigurations = (
				52313A2420A2C46800824890 /* Debug */,
				52313A2520A2C46800824890 /* Release */,
			);
			defaultConfigurationIsVisible = 0;
			defaultConfigurationName = Release;
		};
		524F3F87210096A0003068E4 /* Build configuration list for PBXNativeTarget "Hulk-test" */ = {
			isa = XCConfigurationList;
			buildConfigurations = (
				524F3F88210096A0003068E4 /* Debug */,
				524F3F89210096A0003068E4 /* Release */,
			);
			defaultConfigurationIsVisible = 0;
			defaultConfigurationName = Release;
		};
/* End XCConfigurationList section */
	};
	rootObject = 523139EF20A2C46700824890 /* Project object */;
}
